
Microsoft Visual Studio Solution File, Format Version 12.00
# Visual Studio Version 16
VisualStudioVersion = 16.0.29519.87
MinimumVisualStudioVersion = 10.0.40219.1
Project("{FAE04EC0-301F-11D3-BF4B-00C04F79EFBC}") = "project1", "project1\project1.csproj", "{68FE1F1A-B1ED-4875-AB92-36A73AAE319B}"
EndProject
Global
	GlobalSection(SolutionConfigurationPlatforms) = preSolution
		Debug|Any CPU = Debug|Any CPU
		Release|Any CPU = Release|Any CPU
	EndGlobalSection
	GlobalSection(ProjectConfigurationPlatforms) = postSolution
		{68FE1F1A-B1ED-4875-AB92-36A73AAE319B}.Debug|Any CPU.ActiveCfg = Debug|Any CPU
		{68FE1F1A-B1ED-4875-AB92-36A73AAE319B}.Debug|Any CPU.Build.0 = Debug|Any CPU
		{68FE1F1A-B1ED-4875-AB92-36A73AAE319B}.Release|Any CPU.ActiveCfg = Release|Any CPU
		{68FE1F1A-B1ED-4875-AB92-36A73AAE319B}.Release|Any CPU.Build.0 = Release|Any CPU
	EndGlobalSection
	GlobalSection(SolutionProperties) = preSolution
		HideSolutionNode = FALSE
	EndGlobalSection
	GlobalSection(ExtensibilityGlobals) = postSolution
		SolutionGuid = {3E2E7CE9-9553-44C4-A152-9CCC6FE47A7D}
	EndGlobalSection
EndGlobal
